
Microsoft Visual Studio Solution File, Format Version 12.00
# Visual Studio Version 17
VisualStudioVersion = 17.11.35312.102
MinimumVisualStudioVersion = 10.0.40219.1
Project("{9A19103F-16F7-4668-BE54-9A1E7A4F7556}") = "DI", "DI\DI.csproj", "{15F0C0DA-5974-42EC-BE02-C577B7208974}"
EndProject
Project("{2150E333-8FDC-42A3-9474-1A3956D46DE8}") = "Solution Items", "Solution Items", "{FA6B1035-952B-46F3-817E-46F6BB338BFE}"
EndProject
Project("{FAE04EC0-301F-11D3-BF4B-00C04F79EFBC}") = "MessageProject", "MessageProject\MessageProject.csproj", "{C0126174-C168-4857-A32B-10433E922344}"
EndProject
Global
	GlobalSection(SolutionConfigurationPlatforms) = preSolution
		Debug|Any CPU = Debug|Any CPU
		Release|Any CPU = Release|Any CPU
	EndGlobalSection
	GlobalSection(ProjectConfigurationPlatforms) = postSolution
		{15F0C0DA-5974-42EC-BE02-C577B7208974}.Debug|Any CPU.ActiveCfg = Debug|Any CPU
		{15F0C0DA-5974-42EC-BE02-C577B7208974}.Debug|Any CPU.Build.0 = Debug|Any CPU
		{15F0C0DA-5974-42EC-BE02-C577B7208974}.Release|Any CPU.ActiveCfg = Release|Any CPU
		{15F0C0DA-5974-42EC-BE02-C577B7208974}.Release|Any CPU.Build.0 = Release|Any CPU
		{C0126174-C168-4857-A32B-10433E922344}.Debug|Any CPU.ActiveCfg = Debug|Any CPU
		{C0126174-C168-4857-A32B-10433E922344}.Debug|Any CPU.Build.0 = Debug|Any CPU
		{C0126174-C168-4857-A32B-10433E922344}.Release|Any CPU.ActiveCfg = Release|Any CPU
		{C0126174-C168-4857-A32B-10433E922344}.Release|Any CPU.Build.0 = Release|Any CPU
	EndGlobalSection
	GlobalSection(SolutionProperties) = preSolution
		HideSolutionNode = FALSE
	EndGlobalSection
	GlobalSection(ExtensibilityGlobals) = postSolution
		SolutionGuid = {57519F55-978C-4EC5-B354-9E849839A15E}
	EndGlobalSection
EndGlobal
